
Microsoft Visual Studio Solution File, Format Version 12.00
# Visual Studio 15
VisualStudioVersion = 15.0.27703.2047
MinimumVisualStudioVersion = 10.0.40219.1
Project("{FAE04EC0-301F-11D3-BF4B-00C04F79EFBC}") = "SentimentAnalysis", "SentimentAnalysis\SentimentAnalysis.csproj", "{3C823B73-85E7-4350-8C1D-D829DB75C330}"
EndProject
Global
	GlobalSection(SolutionConfigurationPlatforms) = preSolution
		Debug|Any CPU = Debug|Any CPU
		Release|Any CPU = Release|Any CPU
	EndGlobalSection
	GlobalSection(ProjectConfigurationPlatforms) = postSolution
		{3C823B73-85E7-4350-8C1D-D829DB75C330}.Debug|Any CPU.ActiveCfg = Debug|Any CPU
		{3C823B73-85E7-4350-8C1D-D829DB75C330}.Debug|Any CPU.Build.0 = Debug|Any CPU
		{3C823B73-85E7-4350-8C1D-D829DB75C330}.Release|Any CPU.ActiveCfg = Release|Any CPU
		{3C823B73-85E7-4350-8C1D-D829DB75C330}.Release|Any CPU.Build.0 = Release|Any CPU
	EndGlobalSection
	GlobalSection(SolutionProperties) = preSolution
		HideSolutionNode = FALSE
	EndGlobalSection
	GlobalSection(ExtensibilityGlobals) = postSolution
		SolutionGuid = {EAC9AD6D-7FD7-4188-A38C-493D61BA3220}
	EndGlobalSection
EndGlobal
